
Microsoft Visual Studio Solution File, Format Version 12.00
# Visual Studio Version 17
VisualStudioVersion = 17.4.33403.182
MinimumVisualStudioVersion = 10.0.40219.1
Project("{FAE04EC0-301F-11D3-BF4B-00C04F79EFBC}") = "Legendre", "Legendre\Legendre.csproj", "{116BB131-26EB-4A07-8F21-E9B7503C4F4D}"
EndProject
Global
	GlobalSection(SolutionConfigurationPlatforms) = preSolution
		Debug|Any CPU = Debug|Any CPU
		Release|Any CPU = Release|Any CPU
	EndGlobalSection
	GlobalSection(ProjectConfigurationPlatforms) = postSolution
		{116BB131-26EB-4A07-8F21-E9B7503C4F4D}.Debug|Any CPU.ActiveCfg = Debug|Any CPU
		{116BB131-26EB-4A07-8F21-E9B7503C4F4D}.Debug|Any CPU.Build.0 = Debug|Any CPU
		{116BB131-26EB-4A07-8F21-E9B7503C4F4D}.Release|Any CPU.ActiveCfg = Release|Any CPU
		{116BB131-26EB-4A07-8F21-E9B7503C4F4D}.Release|Any CPU.Build.0 = Release|Any CPU
	EndGlobalSection
	GlobalSection(SolutionProperties) = preSolution
		HideSolutionNode = FALSE
	EndGlobalSection
	GlobalSection(ExtensibilityGlobals) = postSolution
		SolutionGuid = {DF754B94-DFEF-43E0-8775-1373B45958A3}
	EndGlobalSection
EndGlobal
